
Microsoft Visual Studio Solution File, Format Version 12.00
# Visual Studio Version 16
VisualStudioVersion = 16.0.31112.23
MinimumVisualStudioVersion = 10.0.40219.1
Project("{FAE04EC0-301F-11D3-BF4B-00C04F79EFBC}") = "MyApp.Web", "MyApp.Web.csproj", "{0C2D7964-58CE-4DF6-B612-74292C1E4546}"
EndProject
Global
	GlobalSection(SolutionConfigurationPlatforms) = preSolution
		Debug|Any CPU = Debug|Any CPU
		Release|Any CPU = Release|Any CPU
	EndGlobalSection
	GlobalSection(ProjectConfigurationPlatforms) = postSolution
		{0C2D7964-58CE-4DF6-B612-74292C1E4546}.Debug|Any CPU.ActiveCfg = Debug|Any CPU
		{0C2D7964-58CE-4DF6-B612-74292C1E4546}.Debug|Any CPU.Build.0 = Debug|Any CPU
		{0C2D7964-58CE-4DF6-B612-74292C1E4546}.Release|Any CPU.ActiveCfg = Release|Any CPU
		{0C2D7964-58CE-4DF6-B612-74292C1E4546}.Release|Any CPU.Build.0 = Release|Any CPU
	EndGlobalSection
	GlobalSection(SolutionProperties) = preSolution
		HideSolutionNode = FALSE
	EndGlobalSection
	GlobalSection(ExtensibilityGlobals) = postSolution
		SolutionGuid = {13F8F9A8-9583-4727-9C63-2B7DCA774555}
	EndGlobalSection
EndGlobal
